{
  "name": "budgeting2",
  "version": "1.0.0",
  "lockfileVersion": 3,
  "requires": true,
  "packages": {
    "": {
      "name": "budgeting2",
      "version": "1.0.0",
      "license": "ISC",
      "dependencies": {
        "@fortawesome/free-regular-svg-icons": "^7.0.1"
      }
    },
    "node_modules/@fortawesome/fontawesome-common-types": {
      "version": "7.0.1",
      "resolved": "https://registry.npmjs.org/@fortawesome/fontawesome-common-types/-/fontawesome-common-types-7.0.1.tgz",
      "integrity": "sha512-0VpNtO5cNe1/HQWMkl4OdncYK/mv9hnBte0Ew0n6DMzmo3Q3WzDFABHm6LeNTipt5zAyhQ6Ugjiu8aLaEjh1gg==",
      "license": "MIT",
      "engines": {
        "node": ">=6"
      }
    },
    "node_modules/@fortawesome/free-regular-svg-icons": {
      "version": "7.0.1",
      "resolved": "https://registry.npmjs.org/@fortawesome/free-regular-svg-icons/-/free-regular-svg-icons-7.0.1.tgz",
      "integrity": "sha512-4V9fHbHjcx9Qu4O99AM5B4zuEDfB4zajk1I77hEzOxPN00f8g3484Aeq6WpfFcmookvjLE3Pr71Dhf/lqw7tbA==",
      "license": "(CC-BY-4.0 AND MIT)",
      "dependencies": {
        "@fortawesome/fontawesome-common-types": "7.0.1"
      },
      "engines": {
        "node": ">=6"
      }
    }
  }
}
